
Microsoft Visual Studio Solution File, Format Version 12.00
# Visual Studio Version 16
VisualStudioVersion = 16.0.31129.286
MinimumVisualStudioVersion = 10.0.40219.1
Project("{FAE04EC0-301F-11D3-BF4B-00C04F79EFBC}") = "Video-Downloader", "Video-Downloader.csproj", "{86CAE5B0-F31A-44C4-9D5C-DE2B93182E56}"
EndProject
Global
	GlobalSection(SolutionConfigurationPlatforms) = preSolution
		Debug|Any CPU = Debug|Any CPU
		Release|Any CPU = Release|Any CPU
	EndGlobalSection
	GlobalSection(ProjectConfigurationPlatforms) = postSolution
		{86CAE5B0-F31A-44C4-9D5C-DE2B93182E56}.Debug|Any CPU.ActiveCfg = Debug|Any CPU
		{86CAE5B0-F31A-44C4-9D5C-DE2B93182E56}.Debug|Any CPU.Build.0 = Debug|Any CPU
		{86CAE5B0-F31A-44C4-9D5C-DE2B93182E56}.Release|Any CPU.ActiveCfg = Release|Any CPU
		{86CAE5B0-F31A-44C4-9D5C-DE2B93182E56}.Release|Any CPU.Build.0 = Release|Any CPU
	EndGlobalSection
	GlobalSection(SolutionProperties) = preSolution
		HideSolutionNode = FALSE
	EndGlobalSection
	GlobalSection(ExtensibilityGlobals) = postSolution
		SolutionGuid = {8631B93E-68ED-48FD-898A-1C203EABDAFB}
	EndGlobalSection
EndGlobal
